
Microsoft Visual Studio Solution File, Format Version 12.00
# Visual Studio Version 16
VisualStudioVersion = 16.0.31402.337
MinimumVisualStudioVersion = 10.0.40219.1
Project("{FAE04EC0-301F-11D3-BF4B-00C04F79EFBC}") = "06 - Manual - Exercise 04", "06 - Manual - Exercise 04\06 - Manual - Exercise 04.csproj", "{2F8BF951-CB10-4FFB-872D-2E666F7638E7}"
EndProject
Global
	GlobalSection(SolutionConfigurationPlatforms) = preSolution
		Debug|Any CPU = Debug|Any CPU
		Release|Any CPU = Release|Any CPU
	EndGlobalSection
	GlobalSection(ProjectConfigurationPlatforms) = postSolution
		{2F8BF951-CB10-4FFB-872D-2E666F7638E7}.Debug|Any CPU.ActiveCfg = Debug|Any CPU
		{2F8BF951-CB10-4FFB-872D-2E666F7638E7}.Debug|Any CPU.Build.0 = Debug|Any CPU
		{2F8BF951-CB10-4FFB-872D-2E666F7638E7}.Release|Any CPU.ActiveCfg = Release|Any CPU
		{2F8BF951-CB10-4FFB-872D-2E666F7638E7}.Release|Any CPU.Build.0 = Release|Any CPU
	EndGlobalSection
	GlobalSection(SolutionProperties) = preSolution
		HideSolutionNode = FALSE
	EndGlobalSection
	GlobalSection(ExtensibilityGlobals) = postSolution
		SolutionGuid = {62601EB6-FCAB-4DD7-A9C4-DD8402AB7951}
	EndGlobalSection
EndGlobal
